
Microsoft Visual Studio Solution File, Format Version 12.00
# Visual Studio 15
VisualStudioVersion = 15.0.26430.12
MinimumVisualStudioVersion = 10.0.40219.1
Project("{FAE04EC0-301F-11D3-BF4B-00C04F79EFBC}") = "App3.Android", "App3\App3.Android\App3.Android.csproj", "{C179D15B-74C4-48DF-BB21-EC71DE57A1E7}"
EndProject
Project("{FAE04EC0-301F-11D3-BF4B-00C04F79EFBC}") = "App3", "App3\App3\App3.csproj", "{A1017013-18BB-48F0-ADE8-187A9926A03D}"
EndProject
Project("{FAE04EC0-301F-11D3-BF4B-00C04F79EFBC}") = "App3.UWP", "App3\App3.UWP\App3.UWP.csproj", "{5D6B4153-F735-483F-BE1E-FC341266B0D9}"
EndProject
Project("{FAE04EC0-301F-11D3-BF4B-00C04F79EFBC}") = "App3.iOS", "App3\App3.iOS\App3.iOS.csproj", "{C509A883-4BF5-4554-B813-25423D86132B}"
EndProject
Global
	GlobalSection(SolutionConfigurationPlatforms) = preSolution
		Ad-Hoc|Any CPU = Ad-Hoc|Any CPU
		Ad-Hoc|ARM = Ad-Hoc|ARM
		Ad-Hoc|iPhone = Ad-Hoc|iPhone
		Ad-Hoc|iPhoneSimulator = Ad-Hoc|iPhoneSimulator
		Ad-Hoc|x64 = Ad-Hoc|x64
		Ad-Hoc|x86 = Ad-Hoc|x86
		AppStore|Any CPU = AppStore|Any CPU
		AppStore|ARM = AppStore|ARM
		AppStore|iPhone = AppStore|iPhone
		AppStore|iPhoneSimulator = AppStore|iPhoneSimulator
		AppStore|x64 = AppStore|x64
		AppStore|x86 = AppStore|x86
		Debug|Any CPU = Debug|Any CPU
		Debug|ARM = Debug|ARM
		Debug|iPhone = Debug|iPhone
		Debug|iPhoneSimulator = Debug|iPhoneSimulator
		Debug|x64 = Debug|x64
		Debug|x86 = Debug|x86
		Release|Any CPU = Release|Any CPU
		Release|ARM = Release|ARM
		Release|iPhone = Release|iPhone
		Release|iPhoneSimulator = Release|iPhoneSimulator
		Release|x64 = Release|x64
		Release|x86 = Release|x86
	EndGlobalSection
	GlobalSection(ProjectConfigurationPlatforms) = postSolution
		{C179D15B-74C4-48DF-BB21-EC71DE57A1E7}.Ad-Hoc|Any CPU.ActiveCfg = Release|Any CPU
		{C179D15B-74C4-48DF-BB21-EC71DE57A1E7}.Ad-Hoc|Any CPU.Build.0 = Release|Any CPU
		{C179D15B-74C4-48DF-BB21-EC71DE57A1E7}.Ad-Hoc|Any CPU.Deploy.0 = Release|Any CPU
		{C179D15B-74C4-48DF-BB21-EC71DE57A1E7}.Ad-Hoc|ARM.ActiveCfg = Release|Any CPU
		{C179D15B-74C4-48DF-BB21-EC71DE57A1E7}.Ad-Hoc|ARM.Build.0 = Release|Any CPU
		{C179D15B-74C4-48DF-BB21-EC71DE57A1E7}.Ad-Hoc|ARM.Deploy.0 = Release|Any CPU
		{C179D15B-74C4-48DF-BB21-EC71DE57A1E7}.Ad-Hoc|iPhone.ActiveCfg = Release|Any CPU
		{C179D15B-74C4-48DF-BB21-EC71DE57A1E7}.Ad-Hoc|iPhone.Build.0 = Release|Any CPU
		{C179D15B-74C4-48DF-BB21-EC71DE57A1E7}.Ad-Hoc|iPhone.Deploy.0 = Release|Any CPU
		{C179D15B-74C4-48DF-BB21-EC71DE57A1E7}.Ad-Hoc|iPhoneSimulator.ActiveCfg = Release|Any CPU
		{C179D15B-74C4-48DF-BB21-EC71DE57A1E7}.Ad-Hoc|iPhoneSimulator.Build.0 = Release|Any CPU
		{C179D15B-74C4-48DF-BB21-EC71DE57A1E7}.Ad-Hoc|iPhoneSimulator.Deploy.0 = Release|Any CPU
		{C179D15B-74C4-48DF-BB21-EC71DE57A1E7}.Ad-Hoc|x64.ActiveCfg = Release|Any CPU
		{C179D15B-74C4-48DF-BB21-EC71DE57A1E7}.Ad-Hoc|x64.Build.0 = Release|Any CPU
		{C179D15B-74C4-48DF-BB21-EC71DE57A1E7}.Ad-Hoc|x64.Deploy.0 = Release|Any CPU
		{C179D15B-74C4-48DF-BB21-EC71DE57A1E7}.Ad-Hoc|x86.ActiveCfg = Release|Any CPU
		{C179D15B-74C4-48DF-BB21-EC71DE57A1E7}.Ad-Hoc|x86.Build.0 = Release|Any CPU
		{C179D15B-74C4-48DF-BB21-EC71DE57A1E7}.Ad-Hoc|x86.Deploy.0 = Release|Any CPU
		{C179D15B-74C4-48DF-BB21-EC71DE57A1E7}.AppStore|Any CPU.ActiveCfg = Release|Any CPU
		{C179D15B-74C4-48DF-BB21-EC71DE57A1E7}.AppStore|Any CPU.Build.0 = Release|Any CPU
		{C179D15B-74C4-48DF-BB21-EC71DE57A1E7}.AppStore|Any CPU.Deploy.0 = Release|Any CPU
		{C179D15B-74C4-48DF-BB21-EC71DE57A1E7}.AppStore|ARM.ActiveCfg = Release|Any CPU
		{C179D15B-74C4-48DF-BB21-EC71DE57A1E7}.AppStore|ARM.Build.0 = Release|Any CPU
		{C179D15B-74C4-48DF-BB21-EC71DE57A1E7}.AppStore|ARM.Deploy.0 = Release|Any CPU
		{C179D15B-74C4-48DF-BB21-EC71DE57A1E7}.AppStore|iPhone.ActiveCfg = Release|Any CPU
		{C179D15B-74C4-48DF-BB21-EC71DE57A1E7}.AppStore|iPhone.Build.0 = Release|Any CPU
		{C179D15B-74C4-48DF-BB21-EC71DE57A1E7}.AppStore|iPhone.Deploy.0 = Release|Any CPU
		{C179D15B-74C4-48DF-BB21-EC71DE57A1E7}.AppStore|iPhoneSimulator.ActiveCfg = Release|Any CPU
		{C179D15B-74C4-48DF-BB21-EC71DE57A1E7}.AppStore|iPhoneSimulator.Build.0 = Release|Any CPU
		{C179D15B-74C4-48DF-BB21-EC71DE57A1E7}.AppStore|iPhoneSimulator.Deploy.0 = Release|Any CPU
		{C179D15B-74C4-48DF-BB21-EC71DE57A1E7}.AppStore|x64.ActiveCfg = Release|Any CPU
		{C179D15B-74C4-48DF-BB21-EC71DE57A1E7}.AppStore|x64.Build.0 = Release|Any CPU
		{C179D15B-74C4-48DF-BB21-EC71DE57A1E7}.AppStore|x64.Deploy.0 = Release|Any CPU
		{C179D15B-74C4-48DF-BB21-EC71DE57A1E7}.AppStore|x86.ActiveCfg = Release|Any CPU
		{C179D15B-74C4-48DF-BB21-EC71DE57A1E7}.AppStore|x86.Build.0 = Release|Any CPU
		{C179D15B-74C4-48DF-BB21-EC71DE57A1E7}.AppStore|x86.Deploy.0 = Release|Any CPU
		{C179D15B-74C4-48DF-BB21-EC71DE57A1E7}.Debug|Any CPU.ActiveCfg = Debug|Any CPU
		{C179D15B-74C4-48DF-BB21-EC71DE57A1E7}.Debug|Any CPU.Build.0 = Debug|Any CPU
		{C179D15B-74C4-48DF-BB21-EC71DE57A1E7}.Debug|Any CPU.Deploy.0 = Debug|Any CPU
		{C179D15B-74C4-48DF-BB21-EC71DE57A1E7}.Debug|ARM.ActiveCfg = Debug|Any CPU
		{C179D15B-74C4-48DF-BB21-EC71DE57A1E7}.Debug|ARM.Build.0 = Debug|Any CPU
		{C179D15B-74C4-48DF-BB21-EC71DE57A1E7}.Debug|ARM.Deploy.0 = Debug|Any CPU
		{C179D15B-74C4-48DF-BB21-EC71DE57A1E7}.Debug|iPhone.ActiveCfg = Debug|Any CPU
		{C179D15B-74C4-48DF-BB21-EC71DE57A1E7}.Debug|iPhone.Build.0 = Debug|Any CPU
		{C179D15B-74C4-48DF-BB21-EC71DE57A1E7}.Debug|iPhone.Deploy.0 = Debug|Any CPU
		{C179D15B-74C4-48DF-BB21-EC71DE57A1E7}.Debug|iPhoneSimulator.ActiveCfg = Debug|Any CPU
		{C179D15B-74C4-48DF-BB21-EC71DE57A1E7}.Debug|iPhoneSimulator.Build.0 = Debug|Any CPU
		{C179D15B-74C4-48DF-BB21-EC71DE57A1E7}.Debug|iPhoneSimulator.Deploy.0 = Debug|Any CPU
		{C179D15B-74C4-48DF-BB21-EC71DE57A1E7}.Debug|x64.ActiveCfg = Debug|Any CPU
		{C179D15B-74C4-48DF-BB21-EC71DE57A1E7}.Debug|x64.Build.0 = Debug|Any CPU
		{C179D15B-74C4-48DF-BB21-EC71DE57A1E7}.Debug|x64.Deploy.0 = Debug|Any CPU
		{C179D15B-74C4-48DF-BB21-EC71DE57A1E7}.Debug|x86.ActiveCfg = Debug|Any CPU
		{C179D15B-74C4-48DF-BB21-EC71DE57A1E7}.Debug|x86.Build.0 = Debug|Any CPU
		{C179D15B-74C4-48DF-BB21-EC71DE57A1E7}.Debug|x86.Deploy.0 = Debug|Any CPU
		{C179D15B-74C4-48DF-BB21-EC71DE57A1E7}.Release|Any CPU.ActiveCfg = Release|Any CPU
		{C179D15B-74C4-48DF-BB21-EC71DE57A1E7}.Release|Any CPU.Build.0 = Release|Any CPU
		{C179D15B-74C4-48DF-BB21-EC71DE57A1E7}.Release|Any CPU.Deploy.0 = Release|Any CPU
		{C179D15B-74C4-48DF-BB21-EC71DE57A1E7}.Release|ARM.ActiveCfg = Release|Any CPU
		{C179D15B-74C4-48DF-BB21-EC71DE57A1E7}.Release|ARM.Build.0 = Release|Any CPU
		{C179D15B-74C4-48DF-BB21-EC71DE57A1E7}.Release|ARM.Deploy.0 = Release|Any CPU
		{C179D15B-74C4-48DF-BB21-EC71DE57A1E7}.Release|iPhone.ActiveCfg = Release|Any CPU
		{C179D15B-74C4-48DF-BB21-EC71DE57A1E7}.Release|iPhone.Build.0 = Release|Any CPU
		{C179D15B-74C4-48DF-BB21-EC71DE57A1E7}.Release|iPhone.Deploy.0 = Release|Any CPU
		{C179D15B-74C4-48DF-BB21-EC71DE57A1E7}.Release|iPhoneSimulator.ActiveCfg = Release|Any CPU
		{C179D15B-74C4-48DF-BB21-EC71DE57A1E7}.Release|iPhoneSimulator.Build.0 = Release|Any CPU
		{C179D15B-74C4-48DF-BB21-EC71DE57A1E7}.Release|iPhoneSimulator.Deploy.0 = Release|Any CPU
		{C179D15B-74C4-48DF-BB21-EC71DE57A1E7}.Release|x64.ActiveCfg = Release|Any CPU
		{C179D15B-74C4-48DF-BB21-EC71DE57A1E7}.Release|x64.Build.0 = Release|Any CPU
		{C179D15B-74C4-48DF-BB21-EC71DE57A1E7}.Release|x64.Deploy.0 = Release|Any CPU
		{C179D15B-74C4-48DF-BB21-EC71DE57A1E7}.Release|x86.ActiveCfg = Release|Any CPU
		{C179D15B-74C4-48DF-BB21-EC71DE57A1E7}.Release|x86.Build.0 = Release|Any CPU
		{C179D15B-74C4-48DF-BB21-EC71DE57A1E7}.Release|x86.Deploy.0 = Release|Any CPU
		{A1017013-18BB-48F0-ADE8-187A9926A03D}.Ad-Hoc|Any CPU.ActiveCfg = Release|Any CPU
		{A1017013-18BB-48F0-ADE8-187A9926A03D}.Ad-Hoc|Any CPU.Build.0 = Release|Any CPU
		{A1017013-18BB-48F0-ADE8-187A9926A03D}.Ad-Hoc|ARM.ActiveCfg = Release|Any CPU
		{A1017013-18BB-48F0-ADE8-187A9926A03D}.Ad-Hoc|ARM.Build.0 = Release|Any CPU
		{A1017013-18BB-48F0-ADE8-187A9926A03D}.Ad-Hoc|iPhone.ActiveCfg = Release|Any CPU
		{A1017013-18BB-48F0-ADE8-187A9926A03D}.Ad-Hoc|iPhone.Build.0 = Release|Any CPU
		{A1017013-18BB-48F0-ADE8-187A9926A03D}.Ad-Hoc|iPhoneSimulator.ActiveCfg = Release|Any CPU
		{A1017013-18BB-48F0-ADE8-187A9926A03D}.Ad-Hoc|iPhoneSimulator.Build.0 = Release|Any CPU
		{A1017013-18BB-48F0-ADE8-187A9926A03D}.Ad-Hoc|x64.ActiveCfg = Release|Any CPU
		{A1017013-18BB-48F0-ADE8-187A9926A03D}.Ad-Hoc|x64.Build.0 = Release|Any CPU
		{A1017013-18BB-48F0-ADE8-187A9926A03D}.Ad-Hoc|x86.ActiveCfg = Release|Any CPU
		{A1017013-18BB-48F0-ADE8-187A9926A03D}.Ad-Hoc|x86.Build.0 = Release|Any CPU
		{A1017013-18BB-48F0-ADE8-187A9926A03D}.AppStore|Any CPU.ActiveCfg = Release|Any CPU
		{A1017013-18BB-48F0-ADE8-187A9926A03D}.AppStore|Any CPU.Build.0 = Release|Any CPU
		{A1017013-18BB-48F0-ADE8-187A9926A03D}.AppStore|ARM.ActiveCfg = Release|Any CPU
		{A1017013-18BB-48F0-ADE8-187A9926A03D}.AppStore|ARM.Build.0 = Release|Any CPU
		{A1017013-18BB-48F0-ADE8-187A9926A03D}.AppStore|iPhone.ActiveCfg = Release|Any CPU
		{A1017013-18BB-48F0-ADE8-187A9926A03D}.AppStore|iPhone.Build.0 = Release|Any CPU
		{A1017013-18BB-48F0-ADE8-187A9926A03D}.AppStore|iPhoneSimulator.ActiveCfg = Release|Any CPU
		{A1017013-18BB-48F0-ADE8-187A9926A03D}.AppStore|iPhoneSimulator.Build.0 = Release|Any CPU
		{A1017013-18BB-48F0-ADE8-187A9926A03D}.AppStore|x64.ActiveCfg = Release|Any CPU
		{A1017013-18BB-48F0-ADE8-187A9926A03D}.AppStore|x64.Build.0 = Release|Any CPU
		{A1017013-18BB-48F0-ADE8-187A9926A03D}.AppStore|x86.ActiveCfg = Release|Any CPU
		{A1017013-18BB-48F0-ADE8-187A9926A03D}.AppStore|x86.Build.0 = Release|Any CPU
		{A1017013-18BB-48F0-ADE8-187A9926A03D}.Debug|Any CPU.ActiveCfg = Debug|Any CPU
		{A1017013-18BB-48F0-ADE8-187A9926A03D}.Debug|Any CPU.Build.0 = Debug|Any CPU
		{A1017013-18BB-48F0-ADE8-187A9926A03D}.Debug|ARM.ActiveCfg = Debug|Any CPU
		{A1017013-18BB-48F0-ADE8-187A9926A03D}.Debug|ARM.Build.0 = Debug|Any CPU
		{A1017013-18BB-48F0-ADE8-187A9926A03D}.Debug|iPhone.ActiveCfg = Debug|Any CPU
		{A1017013-18BB-48F0-ADE8-187A9926A03D}.Debug|iPhone.Build.0 = Debug|Any CPU
		{A1017013-18BB-48F0-ADE8-187A9926A03D}.Debug|iPhoneSimulator.ActiveCfg = Debug|Any CPU
		{A1017013-18BB-48F0-ADE8-187A9926A03D}.Debug|iPhoneSimulator.Build.0 = Debug|Any CPU
		{A1017013-18BB-48F0-ADE8-187A9926A03D}.Debug|x64.ActiveCfg = Debug|Any CPU
		{A1017013-18BB-48F0-ADE8-187A9926A03D}.Debug|x64.Build.0 = Debug|Any CPU
		{A1017013-18BB-48F0-ADE8-187A9926A03D}.Debug|x86.ActiveCfg = Debug|Any CPU
		{A1017013-18BB-48F0-ADE8-187A9926A03D}.Debug|x86.Build.0 = Debug|Any CPU
		{A1017013-18BB-48F0-ADE8-187A9926A03D}.Release|Any CPU.ActiveCfg = Release|Any CPU
		{A1017013-18BB-48F0-ADE8-187A9926A03D}.Release|Any CPU.Build.0 = Release|Any CPU
		{A1017013-18BB-48F0-ADE8-187A9926A03D}.Release|ARM.ActiveCfg = Release|Any CPU
		{A1017013-18BB-48F0-ADE8-187A9926A03D}.Release|ARM.Build.0 = Release|Any CPU
		{A1017013-18BB-48F0-ADE8-187A9926A03D}.Release|iPhone.ActiveCfg = Release|Any CPU
		{A1017013-18BB-48F0-ADE8-187A9926A03D}.Release|iPhone.Build.0 = Release|Any CPU
		{A1017013-18BB-48F0-ADE8-187A9926A03D}.Release|iPhoneSimulator.ActiveCfg = Release|Any CPU
		{A1017013-18BB-48F0-ADE8-187A9926A03D}.Release|iPhoneSimulator.Build.0 = Release|Any CPU
		{A1017013-18BB-48F0-ADE8-187A9926A03D}.Release|x64.ActiveCfg = Release|Any CPU
		{A1017013-18BB-48F0-ADE8-187A9926A03D}.Release|x64.Build.0 = Release|Any CPU
		{A1017013-18BB-48F0-ADE8-187A9926A03D}.Release|x86.ActiveCfg = Release|Any CPU
		{A1017013-18BB-48F0-ADE8-187A9926A03D}.Release|x86.Build.0 = Release|Any CPU
		{5D6B4153-F735-483F-BE1E-FC341266B0D9}.Ad-Hoc|Any CPU.ActiveCfg = Release|x86
		{5D6B4153-F735-483F-BE1E-FC341266B0D9}.Ad-Hoc|Any CPU.Build.0 = Release|x86
		{5D6B4153-F735-483F-BE1E-FC341266B0D9}.Ad-Hoc|Any CPU.Deploy.0 = Release|x86
		{5D6B4153-F735-483F-BE1E-FC341266B0D9}.Ad-Hoc|ARM.ActiveCfg = Release|ARM
		{5D6B4153-F735-483F-BE1E-FC341266B0D9}.Ad-Hoc|ARM.Build.0 = Release|ARM
		{5D6B4153-F735-483F-BE1E-FC341266B0D9}.Ad-Hoc|ARM.Deploy.0 = Release|ARM
		{5D6B4153-F735-483F-BE1E-FC341266B0D9}.Ad-Hoc|iPhone.ActiveCfg = Release|x86
		{5D6B4153-F735-483F-BE1E-FC341266B0D9}.Ad-Hoc|iPhone.Build.0 = Release|x86
		{5D6B4153-F735-483F-BE1E-FC341266B0D9}.Ad-Hoc|iPhone.Deploy.0 = Release|x86
		{5D6B4153-F735-483F-BE1E-FC341266B0D9}.Ad-Hoc|iPhoneSimulator.ActiveCfg = Release|x86
		{5D6B4153-F735-483F-BE1E-FC341266B0D9}.Ad-Hoc|iPhoneSimulator.Build.0 = Release|x86
		{5D6B4153-F735-483F-BE1E-FC341266B0D9}.Ad-Hoc|iPhoneSimulator.Deploy.0 = Release|x86
		{5D6B4153-F735-483F-BE1E-FC341266B0D9}.Ad-Hoc|x64.ActiveCfg = Release|x64
		{5D6B4153-F735-483F-BE1E-FC341266B0D9}.Ad-Hoc|x64.Build.0 = Release|x64
		{5D6B4153-F735-483F-BE1E-FC341266B0D9}.Ad-Hoc|x64.Deploy.0 = Release|x64
		{5D6B4153-F735-483F-BE1E-FC341266B0D9}.Ad-Hoc|x86.ActiveCfg = Release|x86
		{5D6B4153-F735-483F-BE1E-FC341266B0D9}.Ad-Hoc|x86.Build.0 = Release|x86
		{5D6B4153-F735-483F-BE1E-FC341266B0D9}.Ad-Hoc|x86.Deploy.0 = Release|x86
		{5D6B4153-F735-483F-BE1E-FC341266B0D9}.AppStore|Any CPU.ActiveCfg = Release|x86
		{5D6B4153-F735-483F-BE1E-FC341266B0D9}.AppStore|Any CPU.Build.0 = Release|x86
		{5D6B4153-F735-483F-BE1E-FC341266B0D9}.AppStore|Any CPU.Deploy.0 = Release|x86
		{5D6B4153-F735-483F-BE1E-FC341266B0D9}.AppStore|ARM.ActiveCfg = Release|ARM
		{5D6B4153-F735-483F-BE1E-FC341266B0D9}.AppStore|ARM.Build.0 = Release|ARM
		{5D6B4153-F735-483F-BE1E-FC341266B0D9}.AppStore|ARM.Deploy.0 = Release|ARM
		{5D6B4153-F735-483F-BE1E-FC341266B0D9}.AppStore|iPhone.ActiveCfg = Release|x86
		{5D6B4153-F735-483F-BE1E-FC341266B0D9}.AppStore|iPhone.Build.0 = Release|x86
		{5D6B4153-F735-483F-BE1E-FC341266B0D9}.AppStore|iPhone.Deploy.0 = Release|x86
		{5D6B4153-F735-483F-BE1E-FC341266B0D9}.AppStore|iPhoneSimulator.ActiveCfg = Release|x86
		{5D6B4153-F735-483F-BE1E-FC341266B0D9}.AppStore|iPhoneSimulator.Build.0 = Release|x86
		{5D6B4153-F735-483F-BE1E-FC341266B0D9}.AppStore|iPhoneSimulator.Deploy.0 = Release|x86
		{5D6B4153-F735-483F-BE1E-FC341266B0D9}.AppStore|x64.ActiveCfg = Release|x64
		{5D6B4153-F735-483F-BE1E-FC341266B0D9}.AppStore|x64.Build.0 = Release|x64
		{5D6B4153-F735-483F-BE1E-FC341266B0D9}.AppStore|x64.Deploy.0 = Release|x64
		{5D6B4153-F735-483F-BE1E-FC341266B0D9}.AppStore|x86.ActiveCfg = Release|x86
		{5D6B4153-F735-483F-BE1E-FC341266B0D9}.AppStore|x86.Build.0 = Release|x86
		{5D6B4153-F735-483F-BE1E-FC341266B0D9}.AppStore|x86.Deploy.0 = Release|x86
		{5D6B4153-F735-483F-BE1E-FC341266B0D9}.Debug|Any CPU.ActiveCfg = Debug|x86
		{5D6B4153-F735-483F-BE1E-FC341266B0D9}.Debug|ARM.ActiveCfg = Debug|ARM
		{5D6B4153-F735-483F-BE1E-FC341266B0D9}.Debug|ARM.Build.0 = Debug|ARM
		{5D6B4153-F735-483F-BE1E-FC341266B0D9}.Debug|ARM.Deploy.0 = Debug|ARM
		{5D6B4153-F735-483F-BE1E-FC341266B0D9}.Debug|iPhone.ActiveCfg = Debug|x86
		{5D6B4153-F735-483F-BE1E-FC341266B0D9}.Debug|iPhoneSimulator.ActiveCfg = Debug|x86
		{5D6B4153-F735-483F-BE1E-FC341266B0D9}.Debug|x64.ActiveCfg = Debug|x64
		{5D6B4153-F735-483F-BE1E-FC341266B0D9}.Debug|x64.Build.0 = Debug|x64
		{5D6B4153-F735-483F-BE1E-FC341266B0D9}.Debug|x64.Deploy.0 = Debug|x64
		{5D6B4153-F735-483F-BE1E-FC341266B0D9}.Debug|x86.ActiveCfg = Debug|x86
		{5D6B4153-F735-483F-BE1E-FC341266B0D9}.Debug|x86.Build.0 = Debug|x86
		{5D6B4153-F735-483F-BE1E-FC341266B0D9}.Debug|x86.Deploy.0 = Debug|x86
		{5D6B4153-F735-483F-BE1E-FC341266B0D9}.Release|Any CPU.ActiveCfg = Release|x86
		{5D6B4153-F735-483F-BE1E-FC341266B0D9}.Release|ARM.ActiveCfg = Release|ARM
		{5D6B4153-F735-483F-BE1E-FC341266B0D9}.Release|ARM.Build.0 = Release|ARM
		{5D6B4153-F735-483F-BE1E-FC341266B0D9}.Release|ARM.Deploy.0 = Release|ARM
		{5D6B4153-F735-483F-BE1E-FC341266B0D9}.Release|iPhone.ActiveCfg = Release|x86
		{5D6B4153-F735-483F-BE1E-FC341266B0D9}.Release|iPhoneSimulator.ActiveCfg = Release|x86
		{5D6B4153-F735-483F-BE1E-FC341266B0D9}.Release|x64.ActiveCfg = Release|x64
		{5D6B4153-F735-483F-BE1E-FC341266B0D9}.Release|x64.Build.0 = Release|x64
		{5D6B4153-F735-483F-BE1E-FC341266B0D9}.Release|x64.Deploy.0 = Release|x64
		{5D6B4153-F735-483F-BE1E-FC341266B0D9}.Release|x86.ActiveCfg = Release|x86
		{5D6B4153-F735-483F-BE1E-FC341266B0D9}.Release|x86.Build.0 = Release|x86
		{5D6B4153-F735-483F-BE1E-FC341266B0D9}.Release|x86.Deploy.0 = Release|x86
		{C509A883-4BF5-4554-B813-25423D86132B}.Ad-Hoc|Any CPU.ActiveCfg = Ad-Hoc|iPhone
		{C509A883-4BF5-4554-B813-25423D86132B}.Ad-Hoc|ARM.ActiveCfg = Ad-Hoc|iPhone
		{C509A883-4BF5-4554-B813-25423D86132B}.Ad-Hoc|iPhone.ActiveCfg = Ad-Hoc|iPhone
		{C509A883-4BF5-4554-B813-25423D86132B}.Ad-Hoc|iPhone.Build.0 = Ad-Hoc|iPhone
		{C509A883-4BF5-4554-B813-25423D86132B}.Ad-Hoc|iPhoneSimulator.ActiveCfg = Ad-Hoc|iPhoneSimulator
		{C509A883-4BF5-4554-B813-25423D86132B}.Ad-Hoc|iPhoneSimulator.Build.0 = Ad-Hoc|iPhoneSimulator
		{C509A883-4BF5-4554-B813-25423D86132B}.Ad-Hoc|x64.ActiveCfg = Ad-Hoc|iPhone
		{C509A883-4BF5-4554-B813-25423D86132B}.Ad-Hoc|x86.ActiveCfg = Ad-Hoc|iPhone
		{C509A883-4BF5-4554-B813-25423D86132B}.AppStore|Any CPU.ActiveCfg = AppStore|iPhone
		{C509A883-4BF5-4554-B813-25423D86132B}.AppStore|ARM.ActiveCfg = AppStore|iPhone
		{C509A883-4BF5-4554-B813-25423D86132B}.AppStore|iPhone.ActiveCfg = AppStore|iPhone
		{C509A883-4BF5-4554-B813-25423D86132B}.AppStore|iPhone.Build.0 = AppStore|iPhone
		{C509A883-4BF5-4554-B813-25423D86132B}.AppStore|iPhoneSimulator.ActiveCfg = AppStore|iPhoneSimulator
		{C509A883-4BF5-4554-B813-25423D86132B}.AppStore|iPhoneSimulator.Build.0 = AppStore|iPhoneSimulator
		{C509A883-4BF5-4554-B813-25423D86132B}.AppStore|x64.ActiveCfg = AppStore|iPhone
		{C509A883-4BF5-4554-B813-25423D86132B}.AppStore|x86.ActiveCfg = AppStore|iPhone
		{C509A883-4BF5-4554-B813-25423D86132B}.Debug|Any CPU.ActiveCfg = Debug|iPhone
		{C509A883-4BF5-4554-B813-25423D86132B}.Debug|ARM.ActiveCfg = Debug|iPhone
		{C509A883-4BF5-4554-B813-25423D86132B}.Debug|iPhone.ActiveCfg = Debug|iPhone
		{C509A883-4BF5-4554-B813-25423D86132B}.Debug|iPhone.Build.0 = Debug|iPhone
		{C509A883-4BF5-4554-B813-25423D86132B}.Debug|iPhoneSimulator.ActiveCfg = Debug|iPhoneSimulator
		{C509A883-4BF5-4554-B813-25423D86132B}.Debug|iPhoneSimulator.Build.0 = Debug|iPhoneSimulator
		{C509A883-4BF5-4554-B813-25423D86132B}.Debug|x64.ActiveCfg = Debug|iPhone
		{C509A883-4BF5-4554-B813-25423D86132B}.Debug|x86.ActiveCfg = Debug|iPhone
		{C509A883-4BF5-4554-B813-25423D86132B}.Release|Any CPU.ActiveCfg = Release|iPhone
		{C509A883-4BF5-4554-B813-25423D86132B}.Release|ARM.ActiveCfg = Release|iPhone
		{C509A883-4BF5-4554-B813-25423D86132B}.Release|iPhone.ActiveCfg = Release|iPhone
		{C509A883-4BF5-4554-B813-25423D86132B}.Release|iPhone.Build.0 = Release|iPhone
		{C509A883-4BF5-4554-B813-25423D86132B}.Release|iPhoneSimulator.ActiveCfg = Release|iPhoneSimulator
		{C509A883-4BF5-4554-B813-25423D86132B}.Release|iPhoneSimulator.Build.0 = Release|iPhoneSimulator
		{C509A883-4BF5-4554-B813-25423D86132B}.Release|x64.ActiveCfg = Release|iPhone
		{C509A883-4BF5-4554-B813-25423D86132B}.Release|x86.ActiveCfg = Release|iPhone
	EndGlobalSection
	GlobalSection(SolutionProperties) = preSolution
		HideSolutionNode = FALSE
	EndGlobalSection
EndGlobal
